
Microsoft Visual Studio Solution File, Format Version 12.00
# Visual Studio 2013
Project("{FAE04EC0-301F-11D3-BF4B-00C04F79EFBC}") = "UnityVS.MotorBike.CSharp.Editor.Plugins", "UnityVS.MotorBike.CSharp.Editor.Plugins.csproj", "{9F29B27D-AE38-2705-4539-046F1A9E2C78}"
EndProject
Project("{FAE04EC0-301F-11D3-BF4B-00C04F79EFBC}") = "UnityVS.MotorBike.CSharp", "UnityVS.MotorBike.CSharp.csproj", "{BDF2C332-B9A1-6252-AE7B-2F0BCAB590DA}"
EndProject
Project("{FAE04EC0-301F-11D3-BF4B-00C04F79EFBC}") = "UnityVS.MotorBike.CSharp.Editor", "UnityVS.MotorBike.CSharp.Editor.csproj", "{8E639642-BA11-E62D-F29F-2715335A2A6E}"
EndProject
Project("{FAE04EC0-301F-11D3-BF4B-00C04F79EFBC}") = "UnityVS.MotorBike.CSharp.Plugins", "UnityVS.MotorBike.CSharp.Plugins.csproj", "{82A7D580-C690-628F-9126-5091F44B8906}"
EndProject
Global
	GlobalSection(SolutionConfigurationPlatforms) = preSolution
		Debug|Any CPU = Debug|Any CPU
		Release|Any CPU = Release|Any CPU
	EndGlobalSection
	GlobalSection(ProjectConfigurationPlatforms) = postSolution
		{9F29B27D-AE38-2705-4539-046F1A9E2C78}.Debug|Any CPU.ActiveCfg = Debug|Any CPU
		{9F29B27D-AE38-2705-4539-046F1A9E2C78}.Debug|Any CPU.Build.0 = Debug|Any CPU
		{9F29B27D-AE38-2705-4539-046F1A9E2C78}.Release|Any CPU.ActiveCfg = Release|Any CPU
		{9F29B27D-AE38-2705-4539-046F1A9E2C78}.Release|Any CPU.Build.0 = Release|Any CPU
		{BDF2C332-B9A1-6252-AE7B-2F0BCAB590DA}.Debug|Any CPU.ActiveCfg = Debug|Any CPU
		{BDF2C332-B9A1-6252-AE7B-2F0BCAB590DA}.Debug|Any CPU.Build.0 = Debug|Any CPU
		{BDF2C332-B9A1-6252-AE7B-2F0BCAB590DA}.Release|Any CPU.ActiveCfg = Release|Any CPU
		{BDF2C332-B9A1-6252-AE7B-2F0BCAB590DA}.Release|Any CPU.Build.0 = Release|Any CPU
		{8E639642-BA11-E62D-F29F-2715335A2A6E}.Debug|Any CPU.ActiveCfg = Debug|Any CPU
		{8E639642-BA11-E62D-F29F-2715335A2A6E}.Debug|Any CPU.Build.0 = Debug|Any CPU
		{8E639642-BA11-E62D-F29F-2715335A2A6E}.Release|Any CPU.ActiveCfg = Release|Any CPU
		{8E639642-BA11-E62D-F29F-2715335A2A6E}.Release|Any CPU.Build.0 = Release|Any CPU
		{82A7D580-C690-628F-9126-5091F44B8906}.Debug|Any CPU.ActiveCfg = Debug|Any CPU
		{82A7D580-C690-628F-9126-5091F44B8906}.Debug|Any CPU.Build.0 = Debug|Any CPU
		{82A7D580-C690-628F-9126-5091F44B8906}.Release|Any CPU.ActiveCfg = Release|Any CPU
		{82A7D580-C690-628F-9126-5091F44B8906}.Release|Any CPU.Build.0 = Release|Any CPU
	EndGlobalSection
	GlobalSection(SolutionProperties) = preSolution
		HideSolutionNode = FALSE
	EndGlobalSection
EndGlobal
